
Microsoft Visual Studio Solution File, Format Version 12.00
# Visual Studio Version 16
VisualStudioVersion = 16.0.29905.134
MinimumVisualStudioVersion = 10.0.40219.1
Project("{FAE04EC0-301F-11D3-BF4B-00C04F79EFBC}") = "kennel-bambino.web", "kennel-bambino.web\kennel-bambino.web.csproj", "{C1C8CA7C-B370-4FDE-A349-D50F5365AB2E}"
EndProject
Global
	GlobalSection(SolutionConfigurationPlatforms) = preSolution
		Debug|Any CPU = Debug|Any CPU
		Release|Any CPU = Release|Any CPU
	EndGlobalSection
	GlobalSection(ProjectConfigurationPlatforms) = postSolution
		{C1C8CA7C-B370-4FDE-A349-D50F5365AB2E}.Debug|Any CPU.ActiveCfg = Debug|Any CPU
		{C1C8CA7C-B370-4FDE-A349-D50F5365AB2E}.Debug|Any CPU.Build.0 = Debug|Any CPU
		{C1C8CA7C-B370-4FDE-A349-D50F5365AB2E}.Release|Any CPU.ActiveCfg = Release|Any CPU
		{C1C8CA7C-B370-4FDE-A349-D50F5365AB2E}.Release|Any CPU.Build.0 = Release|Any CPU
	EndGlobalSection
	GlobalSection(SolutionProperties) = preSolution
		HideSolutionNode = FALSE
	EndGlobalSection
	GlobalSection(ExtensibilityGlobals) = postSolution
		SolutionGuid = {20268C5D-0E77-468F-B1C8-465898F24AA2}
	EndGlobalSection
EndGlobal
